// !$*UTF8*$!
{
	archiveVersion = 1;
	classes = {
	};
	objectVersion = 50;
	objects = {

/* Begin PBXBuildFile section */
		B8326DFE219E964900FADE86 /* AppDelegate.m in Sources */ = {isa = PBXBuildFile; fileRef = B8326DFD219E964900FADE86 /* AppDelegate.m */; };
		B8326E06219E964A00FADE86 /* Assets.xcassets in Resources */ = {isa = PBXBuildFile; fileRef = B8326E05219E964A00FADE86 /* Assets.xcassets */; };
		B8326E09219E964A00FADE86 /* LaunchScreen.storyboard in Resources */ = {isa = PBXBuildFile; fileRef = B8326E07219E964A00FADE86 /* LaunchScreen.storyboard */; };
		B8326E0C219E964A00FADE86 /* main.m in Sources */ = {isa = PBXBuildFile; fileRef = B8326E0B219E964A00FADE86 /* main.m */; };
		B8326E15219E967700FADE86 /* RootViewController.m in Sources */ = {isa = PBXBuildFile; fileRef = B8326E13219E967700FADE86 /* RootViewController.m */; };
		B8326E16219E967700FADE86 /* RootViewController.xib in Resources */ = {isa = PBXBuildFile; fileRef = B8326E14219E967700FADE86 /* RootViewController.xib */; };
		B8326E1A219E974800FADE86 /* SFBonjourServer.m in Sources */ = {isa = PBXBuildFile; fileRef = B8326E19219E974800FADE86 /* SFBonjourServer.m */; };
		B8326E1D219E977F00FADE86 /* SFBonjourClient.m in Sources */ = {isa = PBXBuildFile; fileRef = B8326E1C219E977F00FADE86 /* SFBonjourClient.m */; };
/* End PBXBuildFile section */

/* Begin PBXFileReference section */
		B8326DF9219E964900FADE86 /* iOS-Bonjour-Demo.app */ = {isa = PBXFileReference; explicitFileType = wrapper.application; includeInIndex = 0; path = "iOS-Bonjour-Demo.app"; sourceTree = BUILT_PRODUCTS_DIR; };
		B8326DFC219E964900FADE86 /* AppDelegate.h */ = {isa = PBXFileReference; lastKnownFileType = sourcecode.c.h; path = AppDelegate.h; sourceTree = "<group>"; };
		B8326DFD219E964900FADE86 /* AppDelegate.m */ = {isa = PBXFileReference; lastKnownFileType = sourcecode.c.objc; path = AppDelegate.m; sourceTree = "<group>"; };
		B8326E05219E964A00FADE86 /* Assets.xcassets */ = {isa = PBXFileReference; lastKnownFileType = folder.assetcatalog; path = Assets.xcassets; sourceTree = "<group>"; };
		B8326E08219E964A00FADE86 /* Base */ = {isa = PBXFileReference; lastKnownFileType = file.storyboard; name = Base; path = Base.lproj/LaunchScreen.storyboard; sourceTree = "<group>"; };
		B8326E0A219E964A00FADE86 /* Info.plist */ = {isa = PBXFileReference; lastKnownFileType = text.plist.xml; path = Info.plist; sourceTree = "<group>"; };
		B8326E0B219E964A00FADE86 /* main.m */ = {isa = PBXFileReference; lastKnownFileType = sourcecode.c.objc; path = main.m; sourceTree = "<group>"; };
		B8326E12219E967600FADE86 /* RootViewController.h */ = {isa = PBXFileReference; lastKnownFileType = sourcecode.c.h; path = RootViewController.h; sourceTree = "<group>"; };
		B8326E13219E967700FADE86 /* RootViewController.m */ = {isa = PBXFileReference; lastKnownFileType = sourcecode.c.objc; path = RootViewController.m; sourceTree = "<group>"; };
		B8326E14219E967700FADE86 /* RootViewController.xib */ = {isa = PBXFileReference; lastKnownFileType = file.xib; path = RootViewController.xib; sourceTree = "<group>"; };
		B8326E18219E974800FADE86 /* SFBonjourServer.h */ = {isa = PBXFileReference; lastKnownFileType = sourcecode.c.h; path = SFBonjourServer.h; sourceTree = "<group>"; };
		B8326E19219E974800FADE86 /* SFBonjourServer.m */ = {isa = PBXFileReference; lastKnownFileType = sourcecode.c.objc; path = SFBonjourServer.m; sourceTree = "<group>"; };
		B8326E1B219E977F00FADE86 /* SFBonjourClient.h */ = {isa = PBXFileReference; lastKnownFileType = sourcecode.c.h; path = SFBonjourClient.h; sourceTree = "<group>"; };
		B8326E1C219E977F00FADE86 /* SFBonjourClient.m */ = {isa = PBXFileReference; lastKnownFileType = sourcecode.c.objc; path = SFBonjourClient.m; sourceTree = "<group>"; };
/* End PBXFileReference section */

/* Begin PBXFrameworksBuildPhase section */
		B8326DF6219E964900FADE86 /* Frameworks */ = {
			isa = PBXFrameworksBuildPhase;
			buildActionMask = 2147483647;
			files = (
			);
			runOnlyForDeploymentPostprocessing = 0;
		};
/* End PBXFrameworksBuildPhase section */

/* Begin PBXGroup section */
		B8326DF0219E964900FADE86 = {
			isa = PBXGroup;
			children = (
				B8326DFB219E964900FADE86 /* iOS-Bonjour-Demo */,
				B8326DFA219E964900FADE86 /* Products */,
			);
			sourceTree = "<group>";
		};
		B8326DFA219E964900FADE86 /* Products */ = {
			isa = PBXGroup;
			children = (
				B8326DF9219E964900FADE86 /* iOS-Bonjour-Demo.app */,
			);
			name = Products;
			sourceTree = "<group>";
		};
		B8326DFB219E964900FADE86 /* iOS-Bonjour-Demo */ = {
			isa = PBXGroup;
			children = (
				B8326E17219E971200FADE86 /* SFBonjour */,
				B8326DFC219E964900FADE86 /* AppDelegate.h */,
				B8326DFD219E964900FADE86 /* AppDelegate.m */,
				B8326E12219E967600FADE86 /* RootViewController.h */,
				B8326E13219E967700FADE86 /* RootViewController.m */,
				B8326E14219E967700FADE86 /* RootViewController.xib */,
				B8326E05219E964A00FADE86 /* Assets.xcassets */,
				B8326E07219E964A00FADE86 /* LaunchScreen.storyboard */,
				B8326E0A219E964A00FADE86 /* Info.plist */,
				B8326E0B219E964A00FADE86 /* main.m */,
			);
			path = "iOS-Bonjour-Demo";
			sourceTree = "<group>";
		};
		B8326E17219E971200FADE86 /* SFBonjour */ = {
			isa = PBXGroup;
			children = (
				B8326E18219E974800FADE86 /* SFBonjourServer.h */,
				B8326E19219E974800FADE86 /* SFBonjourServer.m */,
				B8326E1B219E977F00FADE86 /* SFBonjourClient.h */,
				B8326E1C219E977F00FADE86 /* SFBonjourClient.m */,
			);
			path = SFBonjour;
			sourceTree = "<group>";
		};
/* End PBXGroup section */

/* Begin PBXNativeTarget section */
		B8326DF8219E964900FADE86 /* iOS-Bonjour-Demo */ = {
			isa = PBXNativeTarget;
			buildConfigurationList = B8326E0F219E964A00FADE86 /* Build configuration list for PBXNativeTarget "iOS-Bonjour-Demo" */;
			buildPhases = (
				B8326DF5219E964900FADE86 /* Sources */,
				B8326DF6219E964900FADE86 /* Frameworks */,
				B8326DF7219E964900FADE86 /* Resources */,
			);
			buildRules = (
			);
			dependencies = (
			);
			name = "iOS-Bonjour-Demo";
			productName = "iOS-Bonjour-Demo";
			productReference = B8326DF9219E964900FADE86 /* iOS-Bonjour-Demo.app */;
			productType = "com.apple.product-type.application";
		};
/* End PBXNativeTarget section */

/* Begin PBXProject section */
		B8326DF1219E964900FADE86 /* Project object */ = {
			isa = PBXProject;
			attributes = {
				LastUpgradeCheck = 1000;
				ORGANIZATIONNAME = Jakey;
				TargetAttributes = {
					B8326DF8219E964900FADE86 = {
						CreatedOnToolsVersion = 10.0;
					};
				};
			};
			buildConfigurationList = B8326DF4219E964900FADE86 /* Build configuration list for PBXProject "iOS-Bonjour-Demo" */;
			compatibilityVersion = "Xcode 9.3";
			developmentRegion = en;
			hasScannedForEncodings = 0;
			knownRegions = (
				en,
				Base,
			);
			mainGroup = B8326DF0219E964900FADE86;
			productRefGroup = B8326DFA219E964900FADE86 /* Products */;
			projectDirPath = "";
			projectRoot = "";
			targets = (
				B8326DF8219E964900FADE86 /* iOS-Bonjour-Demo */,
			);
		};
/* End PBXProject section */

/* Begin PBXResourcesBuildPhase section */
		B8326DF7219E964900FADE86 /* Resources */ = {
			isa = PBXResourcesBuildPhase;
			buildActionMask = 2147483647;
			files = (
				B8326E09219E964A00FADE86 /* LaunchScreen.storyboard in Resources */,
				B8326E06219E964A00FADE86 /* Assets.xcassets in Resources */,
				B8326E16219E967700FADE86 /* RootViewController.xib in Resources */,
			);
			runOnlyForDeploymentPostprocessing = 0;
		};
/* End PBXResourcesBuildPhase section */

/* Begin PBXSourcesBuildPhase section */
		B8326DF5219E964900FADE86 /* Sources */ = {
			isa = PBXSourcesBuildPhase;
			buildActionMask = 2147483647;
			files = (
				B8326E0C219E964A00FADE86 /* main.m in Sources */,
				B8326E1D219E977F00FADE86 /* SFBonjourClient.m in Sources */,
				B8326DFE219E964900FADE86 /* AppDelegate.m in Sources */,
				B8326E15219E967700FADE86 /* RootViewController.m in Sources */,
				B8326E1A219E974800FADE86 /* SFBonjourServer.m in Sources */,
			);
			runOnlyForDeploymentPostprocessing = 0;
		};
/* End PBXSourcesBuildPhase section */

/* Begin PBXVariantGroup section */
		B8326E07219E964A00FADE86 /* LaunchScreen.storyboard */ = {
			isa = PBXVariantGroup;
			children = (
				B8326E08219E964A00FADE86 /* Base */,
			);
			name = LaunchScreen.storyboard;
			sourceTree = "<group>";
		};
/* End PBXVariantGroup section */

/* Begin XCBuildConfiguration section */
		B8326E0D219E964A00FADE86 /* Debug */ = {
			isa = XCBuildConfiguration;
			buildSettings = {
				ALWAYS_SEARCH_USER_PATHS = NO;
				CLANG_ANALYZER_NONNULL = YES;
				CLANG_ANALYZER_NUMBER_OBJECT_CONVERSION = YES_AGGRESSIVE;
				CLANG_CXX_LANGUAGE_STANDARD = "gnu++14";
				CLANG_CXX_LIBRARY = "libc++";
				CLANG_ENABLE_MODULES = YES;
				CLANG_ENABLE_OBJC_ARC = YES;
				CLANG_ENABLE_OBJC_WEAK = YES;
				CLANG_WARN_BLOCK_CAPTURE_AUTORELEASING = YES;
				CLANG_WARN_BOOL_CONVERSION = YES;
				CLANG_WARN_COMMA = YES;
				CLANG_WARN_CONSTANT_CONVERSION = YES;
				CLANG_WARN_DEPRECATED_OBJC_IMPLEMENTATIONS = YES;
				CLANG_WARN_DIRECT_OBJC_ISA_USAGE = YES_ERROR;
				CLANG_WARN_DOCUMENTATION_COMMENTS = YES;
				CLANG_WARN_EMPTY_BODY = YES;
				CLANG_WARN_ENUM_CONVERSION = YES;
				CLANG_WARN_INFINITE_RECURSION = YES;
				CLANG_WARN_INT_CONVERSION = YES;
				CLANG_WARN_NON_LITERAL_NULL_CONVERSION = YES;
				CLANG_WARN_OBJC_IMPLICIT_RETAIN_SELF = YES;
				CLANG_WARN_OBJC_LITERAL_CONVERSION = YES;
				CLANG_WARN_OBJC_ROOT_CLASS = YES_ERROR;
				CLANG_WARN_RANGE_LOOP_ANALYSIS = YES;
				CLANG_WARN_STRICT_PROTOTYPES = YES;
				CLANG_WARN_SUSPICIOUS_MOVE = YES;
				CLANG_WARN_UNGUARDED_AVAILABILITY = YES_AGGRESSIVE;
				CLANG_WARN_UNREACHABLE_CODE = YES;
				CLANG_WARN__DUPLICATE_METHOD_MATCH = YES;
				CODE_SIGN_IDENTITY = "iPhone Developer";
				COPY_PHASE_STRIP = NO;
				DEBUG_INFORMATION_FORMAT = dwarf;
				ENABLE_STRICT_OBJC_MSGSEND = YES;
				ENABLE_TESTABILITY = YES;
				GCC_C_LANGUAGE_STANDARD = gnu11;
				GCC_DYNAMIC_NO_PIC = NO;
				GCC_NO_COMMON_BLOCKS = YES;
				GCC_OPTIMIZATION_LEVEL = 0;
				GCC_PREPROCESSOR_DEFINITIONS = (
					"DEBUG=1",
					"$(inherited)",
				);
				GCC_WARN_64_TO_32_BIT_CONVERSION = YES;
				GCC_WARN_ABOUT_RETURN_TYPE = YES_ERROR;
				GCC_WARN_UNDECLARED_SELECTOR = YES;
				GCC_WARN_UNINITIALIZED_AUTOS = YES_AGGRESSIVE;
				GCC_WARN_UNUSED_FUNCTION = YES;
				GCC_WARN_UNUSED_VARIABLE = YES;
				IPHONEOS_DEPLOYMENT_TARGET = 10.0;
				MTL_ENABLE_DEBUG_INFO = INCLUDE_SOURCE;
				MTL_FAST_MATH = YES;
				ONLY_ACTIVE_ARCH = YES;
				SDKROOT = iphoneos;
			};
			name = Debug;
		};
		B8326E0E219E964A00FADE86 /* Release */ = {
			isa = XCBuildConfiguration;
			buildSettings = {
				ALWAYS_SEARCH_USER_PATHS = NO;
				CLANG_ANALYZER_NONNULL = YES;
				CLANG_ANALYZER_NUMBER_OBJECT_CONVERSION = YES_AGGRESSIVE;
				CLANG_CXX_LANGUAGE_STANDARD = "gnu++14";
				CLANG_CXX_LIBRARY = "libc++";
				CLANG_ENABLE_MODULES = YES;
				CLANG_ENABLE_OBJC_ARC = YES;
				CLANG_ENABLE_OBJC_WEAK = YES;
				CLANG_WARN_BLOCK_CAPTURE_AUTORELEASING = YES;
				CLANG_WARN_BOOL_CONVERSION = YES;
				CLANG_WARN_COMMA = YES;
				CLANG_WARN_CONSTANT_CONVERSION = YES;
				CLANG_WARN_DEPRECATED_OBJC_IMPLEMENTATIONS = YES;
				CLANG_WARN_DIRECT_OBJC_ISA_USAGE = YES_ERROR;
				CLANG_WARN_DOCUMENTATION_COMMENTS = YES;
				CLANG_WARN_EMPTY_BODY = YES;
				CLANG_WARN_ENUM_CONVERSION = YES;
				CLANG_WARN_INFINITE_RECURSION = YES;
				CLANG_WARN_INT_CONVERSION = YES;
				CLANG_WARN_NON_LITERAL_NULL_CONVERSION = YES;
				CLANG_WARN_OBJC_IMPLICIT_RETAIN_SELF = YES;
				CLANG_WARN_OBJC_LITERAL_CONVERSION = YES;
				CLANG_WARN_OBJC_ROOT_CLASS = YES_ERROR;
				CLANG_WARN_RANGE_LOOP_ANALYSIS = YES;
				CLANG_WARN_STRICT_PROTOTYPES = YES;
				CLANG_WARN_SUSPICIOUS_MOVE = YES;
				CLANG_WARN_UNGUARDED_AVAILABILITY = YES_AGGRESSIVE;
				CLANG_WARN_UNREACHABLE_CODE = YES;
				CLANG_WARN__DUPLICATE_METHOD_MATCH = YES;
				CODE_SIGN_IDENTITY = "iPhone Developer";
				COPY_PHASE_STRIP = NO;
				DEBUG_INFORMATION_FORMAT = "dwarf-with-dsym";
				ENABLE_NS_ASSERTIONS = NO;
				ENABLE_STRICT_OBJC_MSGSEND = YES;
				GCC_C_LANGUAGE_STANDARD = gnu11;
				GCC_NO_COMMON_BLOCKS = YES;
				GCC_WARN_64_TO_32_BIT_CONVERSION = YES;
				GCC_WARN_ABOUT_RETURN_TYPE = YES_ERROR;
				GCC_WARN_UNDECLARED_SELECTOR = YES;
				GCC_WARN_UNINITIALIZED_AUTOS = YES_AGGRESSIVE;
				GCC_WARN_UNUSED_FUNCTION = YES;
				GCC_WARN_UNUSED_VARIABLE = YES;
				IPHONEOS_DEPLOYMENT_TARGET = 10.0;
				MTL_ENABLE_DEBUG_INFO = NO;
				MTL_FAST_MATH = YES;
				SDKROOT = iphoneos;
				VALIDATE_PRODUCT = YES;
			};
			name = Release;
		};
		B8326E10219E964A00FADE86 /* Debug */ = {
			isa = XCBuildConfiguration;
			buildSettings = {
				ASSETCATALOG_COMPILER_APPICON_NAME = AppIcon;
				CODE_SIGN_STYLE = Manual;
				DEVELOPMENT_TEAM = 5DAQZBEM3P;
				INFOPLIST_FILE = "iOS-Bonjour-Demo/Info.plist";
				IPHONEOS_DEPLOYMENT_TARGET = 10.0;
				LD_RUNPATH_SEARCH_PATHS = (
					"$(inherited)",
					"@executable_path/Frameworks",
				);
				PRODUCT_BUNDLE_IDENTIFIER = "org.skyfox.iOS-Bonjour-Demo";
				PRODUCT_NAME = "$(TARGET_NAME)";
				PROVISIONING_PROFILE_SPECIFIER = Roirain_Development;
				TARGETED_DEVICE_FAMILY = "1,2";
			};
			name = Debug;
		};
		B8326E11219E964A00FADE86 /* Release */ = {
			isa = XCBuildConfiguration;
			buildSettings = {
				ASSETCATALOG_COMPILER_APPICON_NAME = AppIcon;
				CODE_SIGN_STYLE = Manual;
				DEVELOPMENT_TEAM = "";
				INFOPLIST_FILE = "iOS-Bonjour-Demo/Info.plist";
				IPHONEOS_DEPLOYMENT_TARGET = 10.0;
				LD_RUNPATH_SEARCH_PATHS = (
					"$(inherited)",
					"@executable_path/Frameworks",
				);
				PRODUCT_BUNDLE_IDENTIFIER = "org.skyfox.iOS-Bonjour-Demo";
				PRODUCT_NAME = "$(TARGET_NAME)";
				PROVISIONING_PROFILE_SPECIFIER = "";
				TARGETED_DEVICE_FAMILY = "1,2";
			};
			name = Release;
		};
/* End XCBuildConfiguration section */

/* Begin XCConfigurationList section */
		B8326DF4219E964900FADE86 /* Build configuration list for PBXProject "iOS-Bonjour-Demo" */ = {
			isa = XCConfigurationList;
			buildConfigurations = (
				B8326E0D219E964A00FADE86 /* Debug */,
				B8326E0E219E964A00FADE86 /* Release */,
			);
			defaultConfigurationIsVisible = 0;
			defaultConfigurationName = Release;
		};
		B8326E0F219E964A00FADE86 /* Build configuration list for PBXNativeTarget "iOS-Bonjour-Demo" */ = {
			isa = XCConfigurationList;
			buildConfigurations = (
				B8326E10219E964A00FADE86 /* Debug */,
				B8326E11219E964A00FADE86 /* Release */,
			);
			defaultConfigurationIsVisible = 0;
			defaultConfigurationName = Release;
		};
/* End XCConfigurationList section */
	};
	rootObject = B8326DF1219E964900FADE86 /* Project object */;
}
